// !$*UTF8*$!
{
	archiveVersion = 1;
	classes = {
	};
	objectVersion = 55;
	objects = {

/* Begin PBXBuildFile section */
		88616E7727C5C228002A1F72 /* MessageViewCell.swift in Sources */ = {isa = PBXBuildFile; fileRef = 88616E7527C5C228002A1F72 /* MessageViewCell.swift */; };
		88616E7827C5C228002A1F72 /* MessageViewCell.xib in Resources */ = {isa = PBXBuildFile; fileRef = 88616E7627C5C228002A1F72 /* MessageViewCell.xib */; };
		88616E7A27C5CDC9002A1F72 /* messageModel.swift in Sources */ = {isa = PBXBuildFile; fileRef = 88616E7927C5CDC9002A1F72 /* messageModel.swift */; };
		8C08C93027E7DC4C000406B9 /* TestViewController.swift in Sources */ = {isa = PBXBuildFile; fileRef = 8C08C92E27E7DC4C000406B9 /* TestViewController.swift */; };
		8C08C93127E7DC4C000406B9 /* TestViewController.xib in Resources */ = {isa = PBXBuildFile; fileRef = 8C08C92F27E7DC4C000406B9 /* TestViewController.xib */; };
		8C224DA227BB14AA00E486C7 /* RootViewController.swift in Sources */ = {isa = PBXBuildFile; fileRef = 8C224DA027BB14AA00E486C7 /* RootViewController.swift */; };
		8C224DA327BB14AA00E486C7 /* RootViewController.xib in Resources */ = {isa = PBXBuildFile; fileRef = 8C224DA127BB14AA00E486C7 /* RootViewController.xib */; };
		8C224DA627BB15B100E486C7 /* PublicProfileViewController.swift in Sources */ = {isa = PBXBuildFile; fileRef = 8C224DA427BB15B100E486C7 /* PublicProfileViewController.swift */; };
		8C224DA727BB15B100E486C7 /* PublicProfileViewController.xib in Resources */ = {isa = PBXBuildFile; fileRef = 8C224DA527BB15B100E486C7 /* PublicProfileViewController.xib */; };
		8C250DBE27AB34CE00A280B3 /* HomeExplorePageViewController.swift in Sources */ = {isa = PBXBuildFile; fileRef = 8C250DBC27AB34CE00A280B3 /* HomeExplorePageViewController.swift */; };
		8C250DBF27AB34CE00A280B3 /* HomeExplorePageViewController.xib in Resources */ = {isa = PBXBuildFile; fileRef = 8C250DBD27AB34CE00A280B3 /* HomeExplorePageViewController.xib */; };
		8C250DC727AB351B00A280B3 /* MessagesViewController.swift in Sources */ = {isa = PBXBuildFile; fileRef = 8C250DC527AB351B00A280B3 /* MessagesViewController.swift */; };
		8C250DC827AB351B00A280B3 /* MessagesViewController.xib in Resources */ = {isa = PBXBuildFile; fileRef = 8C250DC627AB351B00A280B3 /* MessagesViewController.xib */; };
		8C250DD327AB37A400A280B3 /* SettingsPageViewController.swift in Sources */ = {isa = PBXBuildFile; fileRef = 8C250DD127AB37A400A280B3 /* SettingsPageViewController.swift */; };
		8C250DD427AB37A400A280B3 /* SettingsPageViewController.xib in Resources */ = {isa = PBXBuildFile; fileRef = 8C250DD227AB37A400A280B3 /* SettingsPageViewController.xib */; };
		8C250DD727AB380E00A280B3 /* EditProfileViewController.swift in Sources */ = {isa = PBXBuildFile; fileRef = 8C250DD527AB380E00A280B3 /* EditProfileViewController.swift */; };
		8C250DD827AB380E00A280B3 /* EditProfileViewController.xib in Resources */ = {isa = PBXBuildFile; fileRef = 8C250DD627AB380E00A280B3 /* EditProfileViewController.xib */; };
		8C2AFF5A27D5D787009CFE6C /* TaskerCollectionViewCell.xib in Resources */ = {isa = PBXBuildFile; fileRef = 8C2AFF5827D5D787009CFE6C /* TaskerCollectionViewCell.xib */; };
		8C2AFF5B27D5D787009CFE6C /* TaskerCollectionViewCell.swift in Sources */ = {isa = PBXBuildFile; fileRef = 8C2AFF5927D5D787009CFE6C /* TaskerCollectionViewCell.swift */; };
		8C2DC0A627C6F9DE0026FF11 /* User.swift in Sources */ = {isa = PBXBuildFile; fileRef = 8C2DC0A527C6F9DE0026FF11 /* User.swift */; };
		8C2DC0AA27C6F9F90026FF11 /* Post.swift in Sources */ = {isa = PBXBuildFile; fileRef = 8C2DC0A927C6F9F90026FF11 /* Post.swift */; };
		8C2DC0AC27C6FA070026FF11 /* Message.swift in Sources */ = {isa = PBXBuildFile; fileRef = 8C2DC0AB27C6FA070026FF11 /* Message.swift */; };
		8C6F7E5227E7E34B00495DF1 /* Address.swift in Sources */ = {isa = PBXBuildFile; fileRef = 8C6F7E5127E7E34B00495DF1 /* Address.swift */; };
		8C791CD927EBD69E0016728E /* Launch Screen.storyboard in Resources */ = {isa = PBXBuildFile; fileRef = 8C791CD827EBD69E0016728E /* Launch Screen.storyboard */; };
		8CAD48E627E0307500304CF8 /* SearchResultsTableViewController.xib in Resources */ = {isa = PBXBuildFile; fileRef = 8CAD48E527E0307500304CF8 /* SearchResultsTableViewController.xib */; };
		8CAD48E827E0308800304CF8 /* SearchResultsTableViewCell.xib in Resources */ = {isa = PBXBuildFile; fileRef = 8CAD48E727E0308800304CF8 /* SearchResultsTableViewCell.xib */; };
		8CAD48EC27E030B200304CF8 /* SearchResultsTableViewController.swift in Sources */ = {isa = PBXBuildFile; fileRef = 8CAD48EB27E030B200304CF8 /* SearchResultsTableViewController.swift */; };
		8CAD48EE27E030D600304CF8 /* SearchResultsTableViewCell.swift in Sources */ = {isa = PBXBuildFile; fileRef = 8CAD48ED27E030D600304CF8 /* SearchResultsTableViewCell.swift */; };
		8CB4530627E71052009512A0 /* SubmitTaskViewController.swift in Sources */ = {isa = PBXBuildFile; fileRef = 8CB4530427E71052009512A0 /* SubmitTaskViewController.swift */; };
		8CB4530727E71052009512A0 /* SubmitTaskViewController.xib in Resources */ = {isa = PBXBuildFile; fileRef = 8CB4530527E71052009512A0 /* SubmitTaskViewController.xib */; };
		8CD95D3327E6D1D9003F7360 /* Credentials.swift in Sources */ = {isa = PBXBuildFile; fileRef = 8CD95D3227E6D1D9003F7360 /* Credentials.swift */; };
		8CD95D3727E6D9FC003F7360 /* ListTaskViewController.swift in Sources */ = {isa = PBXBuildFile; fileRef = 8CD95D3527E6D9FC003F7360 /* ListTaskViewController.swift */; };
		8CD95D3827E6D9FC003F7360 /* ListTaskViewController.xib in Resources */ = {isa = PBXBuildFile; fileRef = 8CD95D3627E6D9FC003F7360 /* ListTaskViewController.xib */; };
		BA1DF53C27D02222000F292E /* Utilities.swift in Sources */ = {isa = PBXBuildFile; fileRef = BA1DF53B27D02222000F292E /* Utilities.swift */; };
		BAC6A85B27BEF4A000CA66DE /* LoggedOutViewController.swift in Sources */ = {isa = PBXBuildFile; fileRef = BAC6A85927BEF4A000CA66DE /* LoggedOutViewController.swift */; };
		BAC6A85C27BEF4A000CA66DE /* LoggedOutViewController.xib in Resources */ = {isa = PBXBuildFile; fileRef = BAC6A85A27BEF4A000CA66DE /* LoggedOutViewController.xib */; };
		BAC6A86027BEF4CB00CA66DE /* RegistrationStep1ViewController.swift in Sources */ = {isa = PBXBuildFile; fileRef = BAC6A85E27BEF4CB00CA66DE /* RegistrationStep1ViewController.swift */; };
		BAC6A86127BEF4CB00CA66DE /* RegistrationStep1ViewController.xib in Resources */ = {isa = PBXBuildFile; fileRef = BAC6A85F27BEF4CB00CA66DE /* RegistrationStep1ViewController.xib */; };
		BAC6A86427BEF4DF00CA66DE /* SetupPageViewController.swift in Sources */ = {isa = PBXBuildFile; fileRef = BAC6A86227BEF4DF00CA66DE /* SetupPageViewController.swift */; };
		BAC6A86527BEF4DF00CA66DE /* SetupPageViewController.xib in Resources */ = {isa = PBXBuildFile; fileRef = BAC6A86327BEF4DF00CA66DE /* SetupPageViewController.xib */; };
		BAC6A86927BEF4F600CA66DE /* LoginViewController.swift in Sources */ = {isa = PBXBuildFile; fileRef = BAC6A86727BEF4F600CA66DE /* LoginViewController.swift */; };
		BAC6A86A27BEF4F600CA66DE /* LoginViewController.xib in Resources */ = {isa = PBXBuildFile; fileRef = BAC6A86827BEF4F600CA66DE /* LoginViewController.xib */; };
		CE0555C427BF0DC700877325 /* MyCollectionViewCell.swift in Sources */ = {isa = PBXBuildFile; fileRef = CE0555BF27BF0DC700877325 /* MyCollectionViewCell.swift */; };
		CE0555C527BF0DC700877325 /* EmployeeExplorePageViewController.swift in Sources */ = {isa = PBXBuildFile; fileRef = CE0555C027BF0DC700877325 /* EmployeeExplorePageViewController.swift */; };
		CE0555C627BF0DC700877325 /* MyCollectionViewCell.xib in Resources */ = {isa = PBXBuildFile; fileRef = CE0555C127BF0DC700877325 /* MyCollectionViewCell.xib */; };
		CE0555C727BF0DC700877325 /* Errand.swift in Sources */ = {isa = PBXBuildFile; fileRef = CE0555C227BF0DC700877325 /* Errand.swift */; };
		CE0555C827BF0DC700877325 /* EmployeeExplorePageViewController.xib in Resources */ = {isa = PBXBuildFile; fileRef = CE0555C327BF0DC700877325 /* EmployeeExplorePageViewController.xib */; };
		CE10019027CD6171007767AC /* HelpViewController.swift in Sources */ = {isa = PBXBuildFile; fileRef = CE10018E27CD6170007767AC /* HelpViewController.swift */; };
		CE10019127CD6171007767AC /* HelpViewController.xib in Resources */ = {isa = PBXBuildFile; fileRef = CE10018F27CD6170007767AC /* HelpViewController.xib */; };
		CE641A6527A88E0500766C59 /* AppDelegate.swift in Sources */ = {isa = PBXBuildFile; fileRef = CE641A6427A88E0500766C59 /* AppDelegate.swift */; };
		CE641A6727A88E0500766C59 /* SceneDelegate.swift in Sources */ = {isa = PBXBuildFile; fileRef = CE641A6627A88E0500766C59 /* SceneDelegate.swift */; };
		CE641A6E27A88E0700766C59 /* Assets.xcassets in Resources */ = {isa = PBXBuildFile; fileRef = CE641A6D27A88E0700766C59 /* Assets.xcassets */; };
		CE641A7927A8904A00766C59 /* GoogleService-Info.plist in Resources */ = {isa = PBXBuildFile; fileRef = CE641A7827A8904A00766C59 /* GoogleService-Info.plist */; };
		CE65BE7127CEFE4A00BD09FB /* FAQViewController.swift in Sources */ = {isa = PBXBuildFile; fileRef = CE65BE6F27CEFE4A00BD09FB /* FAQViewController.swift */; };
		CE65BE7227CEFE4A00BD09FB /* FAQViewController.xib in Resources */ = {isa = PBXBuildFile; fileRef = CE65BE7027CEFE4A00BD09FB /* FAQViewController.xib */; };
		CEF81B2A27E2516F00CE0340 /* ContactUsViewController.swift in Sources */ = {isa = PBXBuildFile; fileRef = CEF81B2827E2516F00CE0340 /* ContactUsViewController.swift */; };
		CEF81B2B27E2516F00CE0340 /* ContactUsViewController.xib in Resources */ = {isa = PBXBuildFile; fileRef = CEF81B2927E2516F00CE0340 /* ContactUsViewController.xib */; };
		CEF81B2D27E256E600CE0340 /* MessageUI.framework in Frameworks */ = {isa = PBXBuildFile; fileRef = CEF81B2C27E256E600CE0340 /* MessageUI.framework */; };
		CEF81B3227E3285400CE0340 /* AboutUsViewController.swift in Sources */ = {isa = PBXBuildFile; fileRef = CEF81B3027E3285400CE0340 /* AboutUsViewController.swift */; };
		CEF81B3327E3285400CE0340 /* AboutUsViewController.xib in Resources */ = {isa = PBXBuildFile; fileRef = CEF81B3127E3285400CE0340 /* AboutUsViewController.xib */; };
		CEF81B3627E3286700CE0340 /* SupportUsViewController.swift in Sources */ = {isa = PBXBuildFile; fileRef = CEF81B3427E3286700CE0340 /* SupportUsViewController.swift */; };
		CEF81B3727E3286700CE0340 /* SupportUsViewController.xib in Resources */ = {isa = PBXBuildFile; fileRef = CEF81B3527E3286700CE0340 /* SupportUsViewController.xib */; };
		F95B9875A59DE0E9011EFDF8 /* Pods_tasker.framework in Frameworks */ = {isa = PBXBuildFile; fileRef = 0CA7F196D3098A70BEF3A25D /* Pods_tasker.framework */; };
/* End PBXBuildFile section */

/* Begin PBXFileReference section */
		0CA7F196D3098A70BEF3A25D /* Pods_tasker.framework */ = {isa = PBXFileReference; explicitFileType = wrapper.framework; includeInIndex = 0; path = Pods_tasker.framework; sourceTree = BUILT_PRODUCTS_DIR; };
		7BDF5D68BCEF519EC1696766 /* Pods-tasker.release.xcconfig */ = {isa = PBXFileReference; includeInIndex = 1; lastKnownFileType = text.xcconfig; name = "Pods-tasker.release.xcconfig"; path = "Target Support Files/Pods-tasker/Pods-tasker.release.xcconfig"; sourceTree = "<group>"; };
		88616E7527C5C228002A1F72 /* MessageViewCell.swift */ = {isa = PBXFileReference; lastKnownFileType = sourcecode.swift; path = MessageViewCell.swift; sourceTree = "<group>"; };
		88616E7627C5C228002A1F72 /* MessageViewCell.xib */ = {isa = PBXFileReference; lastKnownFileType = file.xib; path = MessageViewCell.xib; sourceTree = "<group>"; };
		88616E7927C5CDC9002A1F72 /* messageModel.swift */ = {isa = PBXFileReference; lastKnownFileType = sourcecode.swift; path = messageModel.swift; sourceTree = "<group>"; };
		8C08C92E27E7DC4C000406B9 /* TestViewController.swift */ = {isa = PBXFileReference; lastKnownFileType = sourcecode.swift; path = TestViewController.swift; sourceTree = "<group>"; };
		8C08C92F27E7DC4C000406B9 /* TestViewController.xib */ = {isa = PBXFileReference; lastKnownFileType = file.xib; path = TestViewController.xib; sourceTree = "<group>"; };
		8C224DA027BB14AA00E486C7 /* RootViewController.swift */ = {isa = PBXFileReference; lastKnownFileType = sourcecode.swift; path = RootViewController.swift; sourceTree = "<group>"; };
		8C224DA127BB14AA00E486C7 /* RootViewController.xib */ = {isa = PBXFileReference; lastKnownFileType = file.xib; path = RootViewController.xib; sourceTree = "<group>"; };
		8C224DA427BB15B100E486C7 /* PublicProfileViewController.swift */ = {isa = PBXFileReference; lastKnownFileType = sourcecode.swift; path = PublicProfileViewController.swift; sourceTree = "<group>"; };
		8C224DA527BB15B100E486C7 /* PublicProfileViewController.xib */ = {isa = PBXFileReference; lastKnownFileType = file.xib; path = PublicProfileViewController.xib; sourceTree = "<group>"; };
		8C250DBC27AB34CE00A280B3 /* HomeExplorePageViewController.swift */ = {isa = PBXFileReference; lastKnownFileType = sourcecode.swift; path = HomeExplorePageViewController.swift; sourceTree = "<group>"; };
		8C250DBD27AB34CE00A280B3 /* HomeExplorePageViewController.xib */ = {isa = PBXFileReference; lastKnownFileType = file.xib; path = HomeExplorePageViewController.xib; sourceTree = "<group>"; };
		8C250DC527AB351B00A280B3 /* MessagesViewController.swift */ = {isa = PBXFileReference; lastKnownFileType = sourcecode.swift; path = MessagesViewController.swift; sourceTree = "<group>"; };
		8C250DC627AB351B00A280B3 /* MessagesViewController.xib */ = {isa = PBXFileReference; lastKnownFileType = file.xib; path = MessagesViewController.xib; sourceTree = "<group>"; };
		8C250DD127AB37A400A280B3 /* SettingsPageViewController.swift */ = {isa = PBXFileReference; lastKnownFileType = sourcecode.swift; path = SettingsPageViewController.swift; sourceTree = "<group>"; };
		8C250DD227AB37A400A280B3 /* SettingsPageViewController.xib */ = {isa = PBXFileReference; lastKnownFileType = file.xib; path = SettingsPageViewController.xib; sourceTree = "<group>"; };
		8C250DD527AB380E00A280B3 /* EditProfileViewController.swift */ = {isa = PBXFileReference; lastKnownFileType = sourcecode.swift; path = EditProfileViewController.swift; sourceTree = "<group>"; };
		8C250DD627AB380E00A280B3 /* EditProfileViewController.xib */ = {isa = PBXFileReference; lastKnownFileType = file.xib; path = EditProfileViewController.xib; sourceTree = "<group>"; };
		8C2AFF5827D5D787009CFE6C /* TaskerCollectionViewCell.xib */ = {isa = PBXFileReference; fileEncoding = 4; lastKnownFileType = file.xib; path = TaskerCollectionViewCell.xib; sourceTree = "<group>"; };
		8C2AFF5927D5D787009CFE6C /* TaskerCollectionViewCell.swift */ = {isa = PBXFileReference; fileEncoding = 4; lastKnownFileType = sourcecode.swift; path = TaskerCollectionViewCell.swift; sourceTree = "<group>"; };
		8C2DC0A527C6F9DE0026FF11 /* User.swift */ = {isa = PBXFileReference; lastKnownFileType = sourcecode.swift; path = User.swift; sourceTree = "<group>"; };
		8C2DC0A927C6F9F90026FF11 /* Post.swift */ = {isa = PBXFileReference; lastKnownFileType = sourcecode.swift; path = Post.swift; sourceTree = "<group>"; };
		8C2DC0AB27C6FA070026FF11 /* Message.swift */ = {isa = PBXFileReference; lastKnownFileType = sourcecode.swift; path = Message.swift; sourceTree = "<group>"; };
		8C6F7E5127E7E34B00495DF1 /* Address.swift */ = {isa = PBXFileReference; lastKnownFileType = sourcecode.swift; path = Address.swift; sourceTree = "<group>"; };
		8C791CD827EBD69E0016728E /* Launch Screen.storyboard */ = {isa = PBXFileReference; lastKnownFileType = file.storyboard; path = "Launch Screen.storyboard"; sourceTree = "<group>"; };
		8CAD48E527E0307500304CF8 /* SearchResultsTableViewController.xib */ = {isa = PBXFileReference; fileEncoding = 4; lastKnownFileType = file.xib; path = SearchResultsTableViewController.xib; sourceTree = "<group>"; };
		8CAD48E727E0308800304CF8 /* SearchResultsTableViewCell.xib */ = {isa = PBXFileReference; fileEncoding = 4; lastKnownFileType = file.xib; path = SearchResultsTableViewCell.xib; sourceTree = "<group>"; };
		8CAD48EB27E030B200304CF8 /* SearchResultsTableViewController.swift */ = {isa = PBXFileReference; fileEncoding = 4; lastKnownFileType = sourcecode.swift; path = SearchResultsTableViewController.swift; sourceTree = "<group>"; };
		8CAD48ED27E030D600304CF8 /* SearchResultsTableViewCell.swift */ = {isa = PBXFileReference; fileEncoding = 4; lastKnownFileType = sourcecode.swift; path = SearchResultsTableViewCell.swift; sourceTree = "<group>"; };
		8CB4530427E71052009512A0 /* SubmitTaskViewController.swift */ = {isa = PBXFileReference; lastKnownFileType = sourcecode.swift; path = SubmitTaskViewController.swift; sourceTree = "<group>"; };
		8CB4530527E71052009512A0 /* SubmitTaskViewController.xib */ = {isa = PBXFileReference; lastKnownFileType = file.xib; path = SubmitTaskViewController.xib; sourceTree = "<group>"; };
		8CD95D3227E6D1D9003F7360 /* Credentials.swift */ = {isa = PBXFileReference; lastKnownFileType = sourcecode.swift; path = Credentials.swift; sourceTree = "<group>"; };
		8CD95D3527E6D9FC003F7360 /* ListTaskViewController.swift */ = {isa = PBXFileReference; lastKnownFileType = sourcecode.swift; path = ListTaskViewController.swift; sourceTree = "<group>"; };
		8CD95D3627E6D9FC003F7360 /* ListTaskViewController.xib */ = {isa = PBXFileReference; lastKnownFileType = file.xib; path = ListTaskViewController.xib; sourceTree = "<group>"; };
		B7F263A0E495878F4758FEE1 /* Pods-tasker.debug.xcconfig */ = {isa = PBXFileReference; includeInIndex = 1; lastKnownFileType = text.xcconfig; name = "Pods-tasker.debug.xcconfig"; path = "Target Support Files/Pods-tasker/Pods-tasker.debug.xcconfig"; sourceTree = "<group>"; };
		BA1DF53B27D02222000F292E /* Utilities.swift */ = {isa = PBXFileReference; lastKnownFileType = sourcecode.swift; path = Utilities.swift; sourceTree = "<group>"; };
		BAC6A85927BEF4A000CA66DE /* LoggedOutViewController.swift */ = {isa = PBXFileReference; lastKnownFileType = sourcecode.swift; path = LoggedOutViewController.swift; sourceTree = "<group>"; };
		BAC6A85A27BEF4A000CA66DE /* LoggedOutViewController.xib */ = {isa = PBXFileReference; lastKnownFileType = file.xib; path = LoggedOutViewController.xib; sourceTree = "<group>"; };
		BAC6A85E27BEF4CB00CA66DE /* RegistrationStep1ViewController.swift */ = {isa = PBXFileReference; lastKnownFileType = sourcecode.swift; path = RegistrationStep1ViewController.swift; sourceTree = "<group>"; };
		BAC6A85F27BEF4CB00CA66DE /* RegistrationStep1ViewController.xib */ = {isa = PBXFileReference; lastKnownFileType = file.xib; path = RegistrationStep1ViewController.xib; sourceTree = "<group>"; };
		BAC6A86227BEF4DF00CA66DE /* SetupPageViewController.swift */ = {isa = PBXFileReference; lastKnownFileType = sourcecode.swift; path = SetupPageViewController.swift; sourceTree = "<group>"; };
		BAC6A86327BEF4DF00CA66DE /* SetupPageViewController.xib */ = {isa = PBXFileReference; lastKnownFileType = file.xib; path = SetupPageViewController.xib; sourceTree = "<group>"; };
		BAC6A86727BEF4F600CA66DE /* LoginViewController.swift */ = {isa = PBXFileReference; lastKnownFileType = sourcecode.swift; path = LoginViewController.swift; sourceTree = "<group>"; };
		BAC6A86827BEF4F600CA66DE /* LoginViewController.xib */ = {isa = PBXFileReference; lastKnownFileType = file.xib; path = LoginViewController.xib; sourceTree = "<group>"; };
		CE0555BF27BF0DC700877325 /* MyCollectionViewCell.swift */ = {isa = PBXFileReference; fileEncoding = 4; lastKnownFileType = sourcecode.swift; path = MyCollectionViewCell.swift; sourceTree = "<group>"; };
		CE0555C027BF0DC700877325 /* EmployeeExplorePageViewController.swift */ = {isa = PBXFileReference; fileEncoding = 4; lastKnownFileType = sourcecode.swift; path = EmployeeExplorePageViewController.swift; sourceTree = "<group>"; };
		CE0555C127BF0DC700877325 /* MyCollectionViewCell.xib */ = {isa = PBXFileReference; fileEncoding = 4; lastKnownFileType = file.xib; path = MyCollectionViewCell.xib; sourceTree = "<group>"; };
		CE0555C227BF0DC700877325 /* Errand.swift */ = {isa = PBXFileReference; fileEncoding = 4; lastKnownFileType = sourcecode.swift; path = Errand.swift; sourceTree = "<group>"; };
		CE0555C327BF0DC700877325 /* EmployeeExplorePageViewController.xib */ = {isa = PBXFileReference; fileEncoding = 4; lastKnownFileType = file.xib; path = EmployeeExplorePageViewController.xib; sourceTree = "<group>"; };
		CE10018E27CD6170007767AC /* HelpViewController.swift */ = {isa = PBXFileReference; lastKnownFileType = sourcecode.swift; path = HelpViewController.swift; sourceTree = "<group>"; };
		CE10018F27CD6170007767AC /* HelpViewController.xib */ = {isa = PBXFileReference; lastKnownFileType = file.xib; path = HelpViewController.xib; sourceTree = "<group>"; };
		CE641A6127A88E0500766C59 /* tasker.app */ = {isa = PBXFileReference; explicitFileType = wrapper.application; includeInIndex = 0; path = tasker.app; sourceTree = BUILT_PRODUCTS_DIR; };
		CE641A6427A88E0500766C59 /* AppDelegate.swift */ = {isa = PBXFileReference; lastKnownFileType = sourcecode.swift; path = AppDelegate.swift; sourceTree = "<group>"; };
		CE641A6627A88E0500766C59 /* SceneDelegate.swift */ = {isa = PBXFileReference; lastKnownFileType = sourcecode.swift; path = SceneDelegate.swift; sourceTree = "<group>"; };
		CE641A6D27A88E0700766C59 /* Assets.xcassets */ = {isa = PBXFileReference; lastKnownFileType = folder.assetcatalog; path = Assets.xcassets; sourceTree = "<group>"; };
		CE641A7227A88E0700766C59 /* Info.plist */ = {isa = PBXFileReference; lastKnownFileType = text.plist.xml; path = Info.plist; sourceTree = "<group>"; };
		CE641A7827A8904A00766C59 /* GoogleService-Info.plist */ = {isa = PBXFileReference; fileEncoding = 4; lastKnownFileType = text.plist.xml; path = "GoogleService-Info.plist"; sourceTree = "<group>"; };
		CE65BE6F27CEFE4A00BD09FB /* FAQViewController.swift */ = {isa = PBXFileReference; lastKnownFileType = sourcecode.swift; path = FAQViewController.swift; sourceTree = "<group>"; };
		CE65BE7027CEFE4A00BD09FB /* FAQViewController.xib */ = {isa = PBXFileReference; lastKnownFileType = file.xib; path = FAQViewController.xib; sourceTree = "<group>"; };
		CEF81B2827E2516F00CE0340 /* ContactUsViewController.swift */ = {isa = PBXFileReference; lastKnownFileType = sourcecode.swift; path = ContactUsViewController.swift; sourceTree = "<group>"; };
		CEF81B2927E2516F00CE0340 /* ContactUsViewController.xib */ = {isa = PBXFileReference; lastKnownFileType = file.xib; path = ContactUsViewController.xib; sourceTree = "<group>"; };
		CEF81B2C27E256E600CE0340 /* MessageUI.framework */ = {isa = PBXFileReference; lastKnownFileType = wrapper.framework; name = MessageUI.framework; path = System/Library/Frameworks/MessageUI.framework; sourceTree = SDKROOT; };
		CEF81B3027E3285400CE0340 /* AboutUsViewController.swift */ = {isa = PBXFileReference; lastKnownFileType = sourcecode.swift; path = AboutUsViewController.swift; sourceTree = "<group>"; };
		CEF81B3127E3285400CE0340 /* AboutUsViewController.xib */ = {isa = PBXFileReference; lastKnownFileType = file.xib; path = AboutUsViewController.xib; sourceTree = "<group>"; };
		CEF81B3427E3286700CE0340 /* SupportUsViewController.swift */ = {isa = PBXFileReference; lastKnownFileType = sourcecode.swift; path = SupportUsViewController.swift; sourceTree = "<group>"; };
		CEF81B3527E3286700CE0340 /* SupportUsViewController.xib */ = {isa = PBXFileReference; lastKnownFileType = file.xib; path = SupportUsViewController.xib; sourceTree = "<group>"; };
/* End PBXFileReference section */

/* Begin PBXFrameworksBuildPhase section */
		CE641A5E27A88E0500766C59 /* Frameworks */ = {
			isa = PBXFrameworksBuildPhase;
			buildActionMask = 2147483647;
			files = (
				CEF81B2D27E256E600CE0340 /* MessageUI.framework in Frameworks */,
				F95B9875A59DE0E9011EFDF8 /* Pods_tasker.framework in Frameworks */,
			);
			runOnlyForDeploymentPostprocessing = 0;
		};
/* End PBXFrameworksBuildPhase section */

/* Begin PBXGroup section */
		8C08C93227E7DED5000406B9 /* TestViewControllers */ = {
			isa = PBXGroup;
			children = (
				8C08C92E27E7DC4C000406B9 /* TestViewController.swift */,
				8C08C92F27E7DC4C000406B9 /* TestViewController.xib */,
			);
			path = TestViewControllers;
			sourceTree = "<group>";
		};
		8C224DA827BB15B500E486C7 /* PublicProfileViewController */ = {
			isa = PBXGroup;
			children = (
				8C224DA427BB15B100E486C7 /* PublicProfileViewController.swift */,
				8C224DA527BB15B100E486C7 /* PublicProfileViewController.xib */,
			);
			path = PublicProfileViewController;
			sourceTree = "<group>";
		};
		8C224DA927BB15C000E486C7 /* RootViewController */ = {
			isa = PBXGroup;
			children = (
				8C224DA027BB14AA00E486C7 /* RootViewController.swift */,
				8C224DA127BB14AA00E486C7 /* RootViewController.xib */,
			);
			path = RootViewController;
			sourceTree = "<group>";
		};
		8C250DB327AB338C00A280B3 /* ViewControllers */ = {
			isa = PBXGroup;
			children = (
				8CD95D3427E6D9A1003F7360 /* ListTaskViewControllers */,
				CEF81B3827E3287A00CE0340 /* Help Related Pages */,
				BAC6A86627BEF4E300CA66DE /* LoginViewController */,
				BAC6A85D27BEF4A600CA66DE /* RegistrationViewControllers */,
				BAC6A85827BEF48500CA66DE /* LoggedOutViewConntroller */,
				8C224DA927BB15C000E486C7 /* RootViewController */,
				8C224DA827BB15B500E486C7 /* PublicProfileViewController */,
				8CAD48E427E0305800304CF8 /* SearchResultsViewControllers */,
				8C250DD027AB378000A280B3 /* SettingsPageViewController */,
				8C250DBB27AB34B300A280B3 /* HomeExplorePageViewController */,
				8C250DC427AB34F100A280B3 /* EmployeeExplorePageViewController */,
				8C250DC927AB352E00A280B3 /* MessagesViewController */,
				8C250DD927AB381200A280B3 /* EditProfilePageViewController */,
				8C08C93227E7DED5000406B9 /* TestViewControllers */,
			);
			path = ViewControllers;
			sourceTree = "<group>";
		};
		8C250DBB27AB34B300A280B3 /* HomeExplorePageViewController */ = {
			isa = PBXGroup;
			children = (
				8C250DBC27AB34CE00A280B3 /* HomeExplorePageViewController.swift */,
				8C250DBD27AB34CE00A280B3 /* HomeExplorePageViewController.xib */,
				8C2AFF5927D5D787009CFE6C /* TaskerCollectionViewCell.swift */,
				8C2AFF5827D5D787009CFE6C /* TaskerCollectionViewCell.xib */,
			);
			path = HomeExplorePageViewController;
			sourceTree = "<group>";
		};
		8C250DC427AB34F100A280B3 /* EmployeeExplorePageViewController */ = {
			isa = PBXGroup;
			children = (
				CE0555C027BF0DC700877325 /* EmployeeExplorePageViewController.swift */,
				CE0555C327BF0DC700877325 /* EmployeeExplorePageViewController.xib */,
				CE0555BF27BF0DC700877325 /* MyCollectionViewCell.swift */,
				CE0555C127BF0DC700877325 /* MyCollectionViewCell.xib */,
			);
			path = EmployeeExplorePageViewController;
			sourceTree = "<group>";
		};
		8C250DC927AB352E00A280B3 /* MessagesViewController */ = {
			isa = PBXGroup;
			children = (
				8C250DC527AB351B00A280B3 /* MessagesViewController.swift */,
				8C250DC627AB351B00A280B3 /* MessagesViewController.xib */,
				88616E7527C5C228002A1F72 /* MessageViewCell.swift */,
				88616E7627C5C228002A1F72 /* MessageViewCell.xib */,
				88616E7927C5CDC9002A1F72 /* messageModel.swift */,
			);
			path = MessagesViewController;
			sourceTree = "<group>";
		};
		8C250DD027AB378000A280B3 /* SettingsPageViewController */ = {
			isa = PBXGroup;
			children = (
				8C250DD127AB37A400A280B3 /* SettingsPageViewController.swift */,
				8C250DD227AB37A400A280B3 /* SettingsPageViewController.xib */,
			);
			path = SettingsPageViewController;
			sourceTree = "<group>";
		};
		8C250DD927AB381200A280B3 /* EditProfilePageViewController */ = {
			isa = PBXGroup;
			children = (
				8C250DD527AB380E00A280B3 /* EditProfileViewController.swift */,
				8C250DD627AB380E00A280B3 /* EditProfileViewController.xib */,
			);
			path = EditProfilePageViewController;
			sourceTree = "<group>";
		};
		8C2DC0A427C6F8E70026FF11 /* Models */ = {
			isa = PBXGroup;
			children = (
				CE0555C227BF0DC700877325 /* Errand.swift */,
				8C2DC0A527C6F9DE0026FF11 /* User.swift */,
				8C2DC0A927C6F9F90026FF11 /* Post.swift */,
				8C2DC0AB27C6FA070026FF11 /* Message.swift */,
				8CD95D3227E6D1D9003F7360 /* Credentials.swift */,
				8C6F7E5127E7E34B00495DF1 /* Address.swift */,
			);
			path = Models;
			sourceTree = "<group>";
		};
		8CAD48E427E0305800304CF8 /* SearchResultsViewControllers */ = {
			isa = PBXGroup;
			children = (
				8CAD48ED27E030D600304CF8 /* SearchResultsTableViewCell.swift */,
				8CAD48EB27E030B200304CF8 /* SearchResultsTableViewController.swift */,
				8CAD48E527E0307500304CF8 /* SearchResultsTableViewController.xib */,
				8CAD48E727E0308800304CF8 /* SearchResultsTableViewCell.xib */,
			);
			path = SearchResultsViewControllers;
			sourceTree = "<group>";
		};
		8CD95D3427E6D9A1003F7360 /* ListTaskViewControllers */ = {
			isa = PBXGroup;
			children = (
				8CD95D3527E6D9FC003F7360 /* ListTaskViewController.swift */,
				8CD95D3627E6D9FC003F7360 /* ListTaskViewController.xib */,
				8CB4530427E71052009512A0 /* SubmitTaskViewController.swift */,
				8CB4530527E71052009512A0 /* SubmitTaskViewController.xib */,
			);
			path = ListTaskViewControllers;
			sourceTree = "<group>";
		};
		B9AB0102E4EC48168B0C7CCF /* Pods */ = {
			isa = PBXGroup;
			children = (
				B7F263A0E495878F4758FEE1 /* Pods-tasker.debug.xcconfig */,
				7BDF5D68BCEF519EC1696766 /* Pods-tasker.release.xcconfig */,
			);
			path = Pods;
			sourceTree = "<group>";
		};
		BA1DF53A27D021F2000F292E /* Helpers */ = {
			isa = PBXGroup;
			children = (
				BA1DF53B27D02222000F292E /* Utilities.swift */,
			);
			path = Helpers;
			sourceTree = "<group>";
		};
		BAC6A85827BEF48500CA66DE /* LoggedOutViewConntroller */ = {
			isa = PBXGroup;
			children = (
				BAC6A85927BEF4A000CA66DE /* LoggedOutViewController.swift */,
				BAC6A85A27BEF4A000CA66DE /* LoggedOutViewController.xib */,
			);
			path = LoggedOutViewConntroller;
			sourceTree = "<group>";
		};
		BAC6A85D27BEF4A600CA66DE /* RegistrationViewControllers */ = {
			isa = PBXGroup;
			children = (
				BAC6A85E27BEF4CB00CA66DE /* RegistrationStep1ViewController.swift */,
				BAC6A85F27BEF4CB00CA66DE /* RegistrationStep1ViewController.xib */,
				BAC6A86227BEF4DF00CA66DE /* SetupPageViewController.swift */,
				BAC6A86327BEF4DF00CA66DE /* SetupPageViewController.xib */,
			);
			path = RegistrationViewControllers;
			sourceTree = "<group>";
		};
		BAC6A86627BEF4E300CA66DE /* LoginViewController */ = {
			isa = PBXGroup;
			children = (
				BAC6A86727BEF4F600CA66DE /* LoginViewController.swift */,
				BAC6A86827BEF4F600CA66DE /* LoginViewController.xib */,
			);
			path = LoginViewController;
			sourceTree = "<group>";
		};
		CE10018D27CD6150007767AC /* HelpViewController */ = {
			isa = PBXGroup;
			children = (
				CE10018E27CD6170007767AC /* HelpViewController.swift */,
				CE10018F27CD6170007767AC /* HelpViewController.xib */,
			);
			path = HelpViewController;
			sourceTree = "<group>";
		};
		CE641A5827A88E0500766C59 = {
			isa = PBXGroup;
			children = (
				CE641A6327A88E0500766C59 /* tasker */,
				CE641A6227A88E0500766C59 /* Products */,
				B9AB0102E4EC48168B0C7CCF /* Pods */,
				E38F3B5A54A3073BA91AF909 /* Frameworks */,
			);
			sourceTree = "<group>";
		};
		CE641A6227A88E0500766C59 /* Products */ = {
			isa = PBXGroup;
			children = (
				CE641A6127A88E0500766C59 /* tasker.app */,
			);
			name = Products;
			sourceTree = "<group>";
		};
		CE641A6327A88E0500766C59 /* tasker */ = {
			isa = PBXGroup;
			children = (
				CE641A6427A88E0500766C59 /* AppDelegate.swift */,
				8C791CD827EBD69E0016728E /* Launch Screen.storyboard */,
				CE641A6627A88E0500766C59 /* SceneDelegate.swift */,
				BA1DF53A27D021F2000F292E /* Helpers */,
				CE641A7827A8904A00766C59 /* GoogleService-Info.plist */,
				CE641A7227A88E0700766C59 /* Info.plist */,
				CE641A6D27A88E0700766C59 /* Assets.xcassets */,
				8C2DC0A427C6F8E70026FF11 /* Models */,
				8C250DB327AB338C00A280B3 /* ViewControllers */,
			);
			path = tasker;
			sourceTree = "<group>";
		};
		CE65BE6E27CEFE3300BD09FB /* FAQViewController */ = {
			isa = PBXGroup;
			children = (
				CE65BE6F27CEFE4A00BD09FB /* FAQViewController.swift */,
				CE65BE7027CEFE4A00BD09FB /* FAQViewController.xib */,
			);
			path = FAQViewController;
			sourceTree = "<group>";
		};
		CEF81B2727E2514E00CE0340 /* ContactUsViewController */ = {
			isa = PBXGroup;
			children = (
				CEF81B2827E2516F00CE0340 /* ContactUsViewController.swift */,
				CEF81B2927E2516F00CE0340 /* ContactUsViewController.xib */,
			);
			path = ContactUsViewController;
			sourceTree = "<group>";
		};
		CEF81B2E27E327D400CE0340 /* SupportUsViewController */ = {
			isa = PBXGroup;
			children = (
				CEF81B3427E3286700CE0340 /* SupportUsViewController.swift */,
				CEF81B3527E3286700CE0340 /* SupportUsViewController.xib */,
			);
			path = SupportUsViewController;
			sourceTree = "<group>";
		};
		CEF81B2F27E327DF00CE0340 /* AboutUsViewController */ = {
			isa = PBXGroup;
			children = (
				CEF81B3027E3285400CE0340 /* AboutUsViewController.swift */,
				CEF81B3127E3285400CE0340 /* AboutUsViewController.xib */,
			);
			path = AboutUsViewController;
			sourceTree = "<group>";
		};
		CEF81B3827E3287A00CE0340 /* Help Related Pages */ = {
			isa = PBXGroup;
			children = (
				CE10018D27CD6150007767AC /* HelpViewController */,
				CE65BE6E27CEFE3300BD09FB /* FAQViewController */,
				CEF81B2727E2514E00CE0340 /* ContactUsViewController */,
				CEF81B2F27E327DF00CE0340 /* AboutUsViewController */,
				CEF81B2E27E327D400CE0340 /* SupportUsViewController */,
			);
			path = "Help Related Pages";
			sourceTree = "<group>";
		};
		E38F3B5A54A3073BA91AF909 /* Frameworks */ = {
			isa = PBXGroup;
			children = (
				CEF81B2C27E256E600CE0340 /* MessageUI.framework */,
				0CA7F196D3098A70BEF3A25D /* Pods_tasker.framework */,
			);
			name = Frameworks;
			sourceTree = "<group>";
		};
/* End PBXGroup section */

/* Begin PBXNativeTarget section */
		CE641A6027A88E0500766C59 /* tasker */ = {
			isa = PBXNativeTarget;
			buildConfigurationList = CE641A7527A88E0700766C59 /* Build configuration list for PBXNativeTarget "tasker" */;
			buildPhases = (
				2854640A5BAA88B401BFD539 /* [CP] Check Pods Manifest.lock */,
				CE641A5D27A88E0500766C59 /* Sources */,
				CE641A5E27A88E0500766C59 /* Frameworks */,
				CE641A5F27A88E0500766C59 /* Resources */,
				D966C6A73258A7F8FF635169 /* [CP] Embed Pods Frameworks */,
			);
			buildRules = (
			);
			dependencies = (
			);
			name = tasker;
			productName = tasker;
			productReference = CE641A6127A88E0500766C59 /* tasker.app */;
			productType = "com.apple.product-type.application";
		};
/* End PBXNativeTarget section */

/* Begin PBXProject section */
		CE641A5927A88E0500766C59 /* Project object */ = {
			isa = PBXProject;
			attributes = {
				BuildIndependentTargetsInParallel = 1;
				LastSwiftUpdateCheck = 1310;
				LastUpgradeCheck = 1310;
				TargetAttributes = {
					CE641A6027A88E0500766C59 = {
						CreatedOnToolsVersion = 13.1;
					};
				};
			};
			buildConfigurationList = CE641A5C27A88E0500766C59 /* Build configuration list for PBXProject "tasker" */;
			compatibilityVersion = "Xcode 13.0";
			developmentRegion = en;
			hasScannedForEncodings = 0;
			knownRegions = (
				en,
				Base,
			);
			mainGroup = CE641A5827A88E0500766C59;
			productRefGroup = CE641A6227A88E0500766C59 /* Products */;
			projectDirPath = "";
			projectRoot = "";
			targets = (
				CE641A6027A88E0500766C59 /* tasker */,
			);
		};
/* End PBXProject section */

/* Begin PBXResourcesBuildPhase section */
		CE641A5F27A88E0500766C59 /* Resources */ = {
			isa = PBXResourcesBuildPhase;
			buildActionMask = 2147483647;
			files = (
				88616E7827C5C228002A1F72 /* MessageViewCell.xib in Resources */,
				8C250DD827AB380E00A280B3 /* EditProfileViewController.xib in Resources */,
				8C250DC827AB351B00A280B3 /* MessagesViewController.xib in Resources */,
				CE0555C827BF0DC700877325 /* EmployeeExplorePageViewController.xib in Resources */,
				BAC6A86527BEF4DF00CA66DE /* SetupPageViewController.xib in Resources */,
				8CB4530727E71052009512A0 /* SubmitTaskViewController.xib in Resources */,
				BAC6A86A27BEF4F600CA66DE /* LoginViewController.xib in Resources */,
				CE10019127CD6171007767AC /* HelpViewController.xib in Resources */,
				CE0555C627BF0DC700877325 /* MyCollectionViewCell.xib in Resources */,
				8C2AFF5A27D5D787009CFE6C /* TaskerCollectionViewCell.xib in Resources */,
				CE641A7927A8904A00766C59 /* GoogleService-Info.plist in Resources */,
				CEF81B3327E3285400CE0340 /* AboutUsViewController.xib in Resources */,
				8CD95D3827E6D9FC003F7360 /* ListTaskViewController.xib in Resources */,
				8C250DBF27AB34CE00A280B3 /* HomeExplorePageViewController.xib in Resources */,
				CE641A6E27A88E0700766C59 /* Assets.xcassets in Resources */,
				8C224DA327BB14AA00E486C7 /* RootViewController.xib in Resources */,
				BAC6A86127BEF4CB00CA66DE /* RegistrationStep1ViewController.xib in Resources */,
				BAC6A85C27BEF4A000CA66DE /* LoggedOutViewController.xib in Resources */,
				CE65BE7227CEFE4A00BD09FB /* FAQViewController.xib in Resources */,
				8CAD48E627E0307500304CF8 /* SearchResultsTableViewController.xib in Resources */,
				8C250DD427AB37A400A280B3 /* SettingsPageViewController.xib in Resources */,
				8CAD48E827E0308800304CF8 /* SearchResultsTableViewCell.xib in Resources */,
				CEF81B3727E3286700CE0340 /* SupportUsViewController.xib in Resources */,
				8C791CD927EBD69E0016728E /* Launch Screen.storyboard in Resources */,
				CEF81B2B27E2516F00CE0340 /* ContactUsViewController.xib in Resources */,
				8C08C93127E7DC4C000406B9 /* TestViewController.xib in Resources */,
				8C224DA727BB15B100E486C7 /* PublicProfileViewController.xib in Resources */,
			);
			runOnlyForDeploymentPostprocessing = 0;
		};
/* End PBXResourcesBuildPhase section */

/* Begin PBXShellScriptBuildPhase section */
		2854640A5BAA88B401BFD539 /* [CP] Check Pods Manifest.lock */ = {
			isa = PBXShellScriptBuildPhase;
			buildActionMask = 2147483647;
			files = (
			);
			inputFileListPaths = (
			);
			inputPaths = (
				"${PODS_PODFILE_DIR_PATH}/Podfile.lock",
				"${PODS_ROOT}/Manifest.lock",
			);
			name = "[CP] Check Pods Manifest.lock";
			outputFileListPaths = (
			);
			outputPaths = (
				"$(DERIVED_FILE_DIR)/Pods-tasker-checkManifestLockResult.txt",
			);
			runOnlyForDeploymentPostprocessing = 0;
			shellPath = /bin/sh;
			shellScript = "diff \"${PODS_PODFILE_DIR_PATH}/Podfile.lock\" \"${PODS_ROOT}/Manifest.lock\" > /dev/null\nif [ $? != 0 ] ; then\n    # print error to STDERR\n    echo \"error: The sandbox is not in sync with the Podfile.lock. Run 'pod install' or update your CocoaPods installation.\" >&2\n    exit 1\nfi\n# This output is used by Xcode 'outputs' to avoid re-running this script phase.\necho \"SUCCESS\" > \"${SCRIPT_OUTPUT_FILE_0}\"\n";
			showEnvVarsInLog = 0;
		};
		D966C6A73258A7F8FF635169 /* [CP] Embed Pods Frameworks */ = {
			isa = PBXShellScriptBuildPhase;
			buildActionMask = 2147483647;
			files = (
			);
			inputFileListPaths = (
				"${PODS_ROOT}/Target Support Files/Pods-tasker/Pods-tasker-frameworks-${CONFIGURATION}-input-files.xcfilelist",
			);
			name = "[CP] Embed Pods Frameworks";
			outputFileListPaths = (
				"${PODS_ROOT}/Target Support Files/Pods-tasker/Pods-tasker-frameworks-${CONFIGURATION}-output-files.xcfilelist",
			);
			runOnlyForDeploymentPostprocessing = 0;
			shellPath = /bin/sh;
			shellScript = "\"${PODS_ROOT}/Target Support Files/Pods-tasker/Pods-tasker-frameworks.sh\"\n";
			showEnvVarsInLog = 0;
		};
/* End PBXShellScriptBuildPhase section */

/* Begin PBXSourcesBuildPhase section */
		CE641A5D27A88E0500766C59 /* Sources */ = {
			isa = PBXSourcesBuildPhase;
			buildActionMask = 2147483647;
			files = (
				CE641A6527A88E0500766C59 /* AppDelegate.swift in Sources */,
				8CAD48EC27E030B200304CF8 /* SearchResultsTableViewController.swift in Sources */,
				8C08C93027E7DC4C000406B9 /* TestViewController.swift in Sources */,
				88616E7727C5C228002A1F72 /* MessageViewCell.swift in Sources */,
				BAC6A85B27BEF4A000CA66DE /* LoggedOutViewController.swift in Sources */,
				CE0555C727BF0DC700877325 /* Errand.swift in Sources */,
				8CD95D3727E6D9FC003F7360 /* ListTaskViewController.swift in Sources */,
				8C2AFF5B27D5D787009CFE6C /* TaskerCollectionViewCell.swift in Sources */,
				8CAD48EE27E030D600304CF8 /* SearchResultsTableViewCell.swift in Sources */,
				8C224DA227BB14AA00E486C7 /* RootViewController.swift in Sources */,
				CE641A6727A88E0500766C59 /* SceneDelegate.swift in Sources */,
				BAC6A86027BEF4CB00CA66DE /* RegistrationStep1ViewController.swift in Sources */,
				8C250DD327AB37A400A280B3 /* SettingsPageViewController.swift in Sources */,
				BAC6A86427BEF4DF00CA66DE /* SetupPageViewController.swift in Sources */,
				8C250DBE27AB34CE00A280B3 /* HomeExplorePageViewController.swift in Sources */,
				8CB4530627E71052009512A0 /* SubmitTaskViewController.swift in Sources */,
				8C250DC727AB351B00A280B3 /* MessagesViewController.swift in Sources */,
				CEF81B2A27E2516F00CE0340 /* ContactUsViewController.swift in Sources */,
				8C2DC0AA27C6F9F90026FF11 /* Post.swift in Sources */,
				BA1DF53C27D02222000F292E /* Utilities.swift in Sources */,
				BAC6A86927BEF4F600CA66DE /* LoginViewController.swift in Sources */,
				CE0555C427BF0DC700877325 /* MyCollectionViewCell.swift in Sources */,
				88616E7A27C5CDC9002A1F72 /* messageModel.swift in Sources */,
				8C250DD727AB380E00A280B3 /* EditProfileViewController.swift in Sources */,
				CEF81B3227E3285400CE0340 /* AboutUsViewController.swift in Sources */,
				8C2DC0AC27C6FA070026FF11 /* Message.swift in Sources */,
				8CD95D3327E6D1D9003F7360 /* Credentials.swift in Sources */,
				8C224DA627BB15B100E486C7 /* PublicProfileViewController.swift in Sources */,
				CEF81B3627E3286700CE0340 /* SupportUsViewController.swift in Sources */,
				CE0555C527BF0DC700877325 /* EmployeeExplorePageViewController.swift in Sources */,
				CE65BE7127CEFE4A00BD09FB /* FAQViewController.swift in Sources */,
				CE10019027CD6171007767AC /* HelpViewController.swift in Sources */,
				8C2DC0A627C6F9DE0026FF11 /* User.swift in Sources */,
				8C6F7E5227E7E34B00495DF1 /* Address.swift in Sources */,
			);
			runOnlyForDeploymentPostprocessing = 0;
		};
/* End PBXSourcesBuildPhase section */

/* Begin XCBuildConfiguration section */
		CE641A7327A88E0700766C59 /* Debug */ = {
			isa = XCBuildConfiguration;
			buildSettings = {
				ALWAYS_SEARCH_USER_PATHS = NO;
				CLANG_ANALYZER_NONNULL = YES;
				CLANG_ANALYZER_NUMBER_OBJECT_CONVERSION = YES_AGGRESSIVE;
				CLANG_CXX_LANGUAGE_STANDARD = "gnu++17";
				CLANG_CXX_LIBRARY = "libc++";
				CLANG_ENABLE_MODULES = YES;
				CLANG_ENABLE_OBJC_ARC = YES;
				CLANG_ENABLE_OBJC_WEAK = YES;
				CLANG_WARN_BLOCK_CAPTURE_AUTORELEASING = YES;
				CLANG_WARN_BOOL_CONVERSION = YES;
				CLANG_WARN_COMMA = YES;
				CLANG_WARN_CONSTANT_CONVERSION = YES;
				CLANG_WARN_DEPRECATED_OBJC_IMPLEMENTATIONS = YES;
				CLANG_WARN_DIRECT_OBJC_ISA_USAGE = YES_ERROR;
				CLANG_WARN_DOCUMENTATION_COMMENTS = YES;
				CLANG_WARN_EMPTY_BODY = YES;
				CLANG_WARN_ENUM_CONVERSION = YES;
				CLANG_WARN_INFINITE_RECURSION = YES;
				CLANG_WARN_INT_CONVERSION = YES;
				CLANG_WARN_NON_LITERAL_NULL_CONVERSION = YES;
				CLANG_WARN_OBJC_IMPLICIT_RETAIN_SELF = YES;
				CLANG_WARN_OBJC_LITERAL_CONVERSION = YES;
				CLANG_WARN_OBJC_ROOT_CLASS = YES_ERROR;
				CLANG_WARN_QUOTED_INCLUDE_IN_FRAMEWORK_HEADER = YES;
				CLANG_WARN_RANGE_LOOP_ANALYSIS = YES;
				CLANG_WARN_STRICT_PROTOTYPES = YES;
				CLANG_WARN_SUSPICIOUS_MOVE = YES;
				CLANG_WARN_UNGUARDED_AVAILABILITY = YES_AGGRESSIVE;
				CLANG_WARN_UNREACHABLE_CODE = YES;
				CLANG_WARN__DUPLICATE_METHOD_MATCH = YES;
				COPY_PHASE_STRIP = NO;
				DEBUG_INFORMATION_FORMAT = dwarf;
				ENABLE_STRICT_OBJC_MSGSEND = YES;
				ENABLE_TESTABILITY = YES;
				GCC_C_LANGUAGE_STANDARD = gnu11;
				GCC_DYNAMIC_NO_PIC = NO;
				GCC_NO_COMMON_BLOCKS = YES;
				GCC_OPTIMIZATION_LEVEL = 0;
				GCC_PREPROCESSOR_DEFINITIONS = (
					"DEBUG=1",
					"$(inherited)",
				);
				GCC_WARN_64_TO_32_BIT_CONVERSION = YES;
				GCC_WARN_ABOUT_RETURN_TYPE = YES_ERROR;
				GCC_WARN_UNDECLARED_SELECTOR = YES;
				GCC_WARN_UNINITIALIZED_AUTOS = YES_AGGRESSIVE;
				GCC_WARN_UNUSED_FUNCTION = YES;
				GCC_WARN_UNUSED_VARIABLE = YES;
				IPHONEOS_DEPLOYMENT_TARGET = 15.0;
				MTL_ENABLE_DEBUG_INFO = INCLUDE_SOURCE;
				MTL_FAST_MATH = YES;
				ONLY_ACTIVE_ARCH = YES;
				SDKROOT = iphoneos;
				SWIFT_ACTIVE_COMPILATION_CONDITIONS = DEBUG;
				SWIFT_OPTIMIZATION_LEVEL = "-Onone";
			};
			name = Debug;
		};
		CE641A7427A88E0700766C59 /* Release */ = {
			isa = XCBuildConfiguration;
			buildSettings = {
				ALWAYS_SEARCH_USER_PATHS = NO;
				CLANG_ANALYZER_NONNULL = YES;
				CLANG_ANALYZER_NUMBER_OBJECT_CONVERSION = YES_AGGRESSIVE;
				CLANG_CXX_LANGUAGE_STANDARD = "gnu++17";
				CLANG_CXX_LIBRARY = "libc++";
				CLANG_ENABLE_MODULES = YES;
				CLANG_ENABLE_OBJC_ARC = YES;
				CLANG_ENABLE_OBJC_WEAK = YES;
				CLANG_WARN_BLOCK_CAPTURE_AUTORELEASING = YES;
				CLANG_WARN_BOOL_CONVERSION = YES;
				CLANG_WARN_COMMA = YES;
				CLANG_WARN_CONSTANT_CONVERSION = YES;
				CLANG_WARN_DEPRECATED_OBJC_IMPLEMENTATIONS = YES;
				CLANG_WARN_DIRECT_OBJC_ISA_USAGE = YES_ERROR;
				CLANG_WARN_DOCUMENTATION_COMMENTS = YES;
				CLANG_WARN_EMPTY_BODY = YES;
				CLANG_WARN_ENUM_CONVERSION = YES;
				CLANG_WARN_INFINITE_RECURSION = YES;
				CLANG_WARN_INT_CONVERSION = YES;
				CLANG_WARN_NON_LITERAL_NULL_CONVERSION = YES;
				CLANG_WARN_OBJC_IMPLICIT_RETAIN_SELF = YES;
				CLANG_WARN_OBJC_LITERAL_CONVERSION = YES;
				CLANG_WARN_OBJC_ROOT_CLASS = YES_ERROR;
				CLANG_WARN_QUOTED_INCLUDE_IN_FRAMEWORK_HEADER = YES;
				CLANG_WARN_RANGE_LOOP_ANALYSIS = YES;
				CLANG_WARN_STRICT_PROTOTYPES = YES;
				CLANG_WARN_SUSPICIOUS_MOVE = YES;
				CLANG_WARN_UNGUARDED_AVAILABILITY = YES_AGGRESSIVE;
				CLANG_WARN_UNREACHABLE_CODE = YES;
				CLANG_WARN__DUPLICATE_METHOD_MATCH = YES;
				COPY_PHASE_STRIP = NO;
				DEBUG_INFORMATION_FORMAT = "dwarf-with-dsym";
				ENABLE_NS_ASSERTIONS = NO;
				ENABLE_STRICT_OBJC_MSGSEND = YES;
				GCC_C_LANGUAGE_STANDARD = gnu11;
				GCC_NO_COMMON_BLOCKS = YES;
				GCC_WARN_64_TO_32_BIT_CONVERSION = YES;
				GCC_WARN_ABOUT_RETURN_TYPE = YES_ERROR;
				GCC_WARN_UNDECLARED_SELECTOR = YES;
				GCC_WARN_UNINITIALIZED_AUTOS = YES_AGGRESSIVE;
				GCC_WARN_UNUSED_FUNCTION = YES;
				GCC_WARN_UNUSED_VARIABLE = YES;
				IPHONEOS_DEPLOYMENT_TARGET = 15.0;
				MTL_ENABLE_DEBUG_INFO = NO;
				MTL_FAST_MATH = YES;
				ONLY_ACTIVE_ARCH = YES;
				SDKROOT = iphoneos;
				SWIFT_COMPILATION_MODE = wholemodule;
				SWIFT_OPTIMIZATION_LEVEL = "-O";
				VALIDATE_PRODUCT = YES;
			};
			name = Release;
		};
		CE641A7627A88E0700766C59 /* Debug */ = {
			isa = XCBuildConfiguration;
			baseConfigurationReference = B7F263A0E495878F4758FEE1 /* Pods-tasker.debug.xcconfig */;
			buildSettings = {
				ASSETCATALOG_COMPILER_APPICON_NAME = AppIcon;
				ASSETCATALOG_COMPILER_GLOBAL_ACCENT_COLOR_NAME = AccentColor;
				ASSETCATALOG_COMPILER_INCLUDE_ALL_APPICON_ASSETS = YES;
				CODE_SIGN_STYLE = Automatic;
				CURRENT_PROJECT_VERSION = 1;
				DEVELOPMENT_TEAM = SJQTFG7HJ5;
				GENERATE_INFOPLIST_FILE = YES;
				INFOPLIST_FILE = tasker/Info.plist;
				INFOPLIST_KEY_NSLocationWhenInUseUsageDescription = "Tasker only uses your location in order to better deliver you employees and tasks near you.";
				INFOPLIST_KEY_UIApplicationSupportsIndirectInputEvents = YES;
				INFOPLIST_KEY_UILaunchStoryboardName = "Launch Screen";
				INFOPLIST_KEY_UISupportedInterfaceOrientations_iPad = "UIInterfaceOrientationPortrait UIInterfaceOrientationPortraitUpsideDown UIInterfaceOrientationLandscapeLeft UIInterfaceOrientationLandscapeRight";
				INFOPLIST_KEY_UISupportedInterfaceOrientations_iPhone = "UIInterfaceOrientationPortrait UIInterfaceOrientationLandscapeLeft UIInterfaceOrientationLandscapeRight";
				LD_RUNPATH_SEARCH_PATHS = (
					"$(inherited)",
					"@executable_path/Frameworks",
				);
				MARKETING_VERSION = 1.0;
				PRODUCT_BUNDLE_IDENTIFIER = com.IssaIssa.tasker;
				PRODUCT_NAME = "$(TARGET_NAME)";
				SWIFT_EMIT_LOC_STRINGS = YES;
				SWIFT_VERSION = 5.0;
				TARGETED_DEVICE_FAMILY = "1,2";
			};
			name = Debug;
		};
		CE641A7727A88E0700766C59 /* Release */ = {
			isa = XCBuildConfiguration;
			baseConfigurationReference = 7BDF5D68BCEF519EC1696766 /* Pods-tasker.release.xcconfig */;
			buildSettings = {
				ASSETCATALOG_COMPILER_APPICON_NAME = AppIcon;
				ASSETCATALOG_COMPILER_GLOBAL_ACCENT_COLOR_NAME = AccentColor;
				ASSETCATALOG_COMPILER_INCLUDE_ALL_APPICON_ASSETS = YES;
				CODE_SIGN_STYLE = Automatic;
				CURRENT_PROJECT_VERSION = 1;
				DEVELOPMENT_TEAM = SJQTFG7HJ5;
				GENERATE_INFOPLIST_FILE = YES;
				INFOPLIST_FILE = tasker/Info.plist;
				INFOPLIST_KEY_NSLocationWhenInUseUsageDescription = "Tasker only uses your location in order to better deliver you employees and tasks near you.";
				INFOPLIST_KEY_UIApplicationSupportsIndirectInputEvents = YES;
				INFOPLIST_KEY_UILaunchStoryboardName = "Launch Screen";
				INFOPLIST_KEY_UISupportedInterfaceOrientations_iPad = "UIInterfaceOrientationPortrait UIInterfaceOrientationPortraitUpsideDown UIInterfaceOrientationLandscapeLeft UIInterfaceOrientationLandscapeRight";
				INFOPLIST_KEY_UISupportedInterfaceOrientations_iPhone = "UIInterfaceOrientationPortrait UIInterfaceOrientationLandscapeLeft UIInterfaceOrientationLandscapeRight";
				LD_RUNPATH_SEARCH_PATHS = (
					"$(inherited)",
					"@executable_path/Frameworks",
				);
				MARKETING_VERSION = 1.0;
				PRODUCT_BUNDLE_IDENTIFIER = com.IssaIssa.tasker;
				PRODUCT_NAME = "$(TARGET_NAME)";
				SWIFT_EMIT_LOC_STRINGS = YES;
				SWIFT_VERSION = 5.0;
				TARGETED_DEVICE_FAMILY = "1,2";
			};
			name = Release;
		};
/* End XCBuildConfiguration section */

/* Begin XCConfigurationList section */
		CE641A5C27A88E0500766C59 /* Build configuration list for PBXProject "tasker" */ = {
			isa = XCConfigurationList;
			buildConfigurations = (
				CE641A7327A88E0700766C59 /* Debug */,
				CE641A7427A88E0700766C59 /* Release */,
			);
			defaultConfigurationIsVisible = 0;
			defaultConfigurationName = Release;
		};
		CE641A7527A88E0700766C59 /* Build configuration list for PBXNativeTarget "tasker" */ = {
			isa = XCConfigurationList;
			buildConfigurations = (
				CE641A7627A88E0700766C59 /* Debug */,
				CE641A7727A88E0700766C59 /* Release */,
			);
			defaultConfigurationIsVisible = 0;
			defaultConfigurationName = Release;
		};
/* End XCConfigurationList section */
	};
	rootObject = CE641A5927A88E0500766C59 /* Project object */;
}
